
Microsoft Visual Studio Solution File, Format Version 12.00
# Visual Studio Version 17
VisualStudioVersion = 17.9.34622.214
MinimumVisualStudioVersion = 10.0.40219.1
Project("{FAE04EC0-301F-11D3-BF4B-00C04F79EFBC}") = "task", "task\task.csproj", "{05587C4D-47E7-407E-AFC8-85FF341CEE6A}"
EndProject
Global
	GlobalSection(SolutionConfigurationPlatforms) = preSolution
		Debug|Any CPU = Debug|Any CPU
		Release|Any CPU = Release|Any CPU
	EndGlobalSection
	GlobalSection(ProjectConfigurationPlatforms) = postSolution
		{05587C4D-47E7-407E-AFC8-85FF341CEE6A}.Debug|Any CPU.ActiveCfg = Debug|Any CPU
		{05587C4D-47E7-407E-AFC8-85FF341CEE6A}.Debug|Any CPU.Build.0 = Debug|Any CPU
		{05587C4D-47E7-407E-AFC8-85FF341CEE6A}.Release|Any CPU.ActiveCfg = Release|Any CPU
		{05587C4D-47E7-407E-AFC8-85FF341CEE6A}.Release|Any CPU.Build.0 = Release|Any CPU
	EndGlobalSection
	GlobalSection(SolutionProperties) = preSolution
		HideSolutionNode = FALSE
	EndGlobalSection
	GlobalSection(ExtensibilityGlobals) = postSolution
		SolutionGuid = {89D5684B-BA87-4145-868C-2D3C32E843A4}
	EndGlobalSection
EndGlobal
